
Microsoft Visual Studio Solution File, Format Version 12.00
# Visual Studio Version 17
VisualStudioVersion = 17.7.34024.191
MinimumVisualStudioVersion = 10.0.40219.1
Project("{FAE04EC0-301F-11D3-BF4B-00C04F79EFBC}") = "Sisma_prueba", "Sisma_prueba\Sisma_prueba.csproj", "{A37A2A2F-749D-4E98-80E5-AC937B68F647}"
EndProject
Global
	GlobalSection(SolutionConfigurationPlatforms) = preSolution
		Debug|Any CPU = Debug|Any CPU
		Release|Any CPU = Release|Any CPU
	EndGlobalSection
	GlobalSection(ProjectConfigurationPlatforms) = postSolution
		{A37A2A2F-749D-4E98-80E5-AC937B68F647}.Debug|Any CPU.ActiveCfg = Debug|Any CPU
		{A37A2A2F-749D-4E98-80E5-AC937B68F647}.Debug|Any CPU.Build.0 = Debug|Any CPU
		{A37A2A2F-749D-4E98-80E5-AC937B68F647}.Release|Any CPU.ActiveCfg = Release|Any CPU
		{A37A2A2F-749D-4E98-80E5-AC937B68F647}.Release|Any CPU.Build.0 = Release|Any CPU
	EndGlobalSection
	GlobalSection(SolutionProperties) = preSolution
		HideSolutionNode = FALSE
	EndGlobalSection
	GlobalSection(ExtensibilityGlobals) = postSolution
		SolutionGuid = {82EF8867-7FFA-4B3C-A7AA-BE7AAA3AA311}
	EndGlobalSection
EndGlobal
